// !$*UTF8*$!
{
	archiveVersion = 1;
	classes = {
	};
	objectVersion = 56;
	objects = {

/* Begin PBXBuildFile section */
		070012492BA9CF11000D7112 /* FillButtonStyle.swift in Sources */ = {isa = PBXBuildFile; fileRef = 070012482BA9CF11000D7112 /* FillButtonStyle.swift */; };
		0700124D2BA9D399000D7112 /* AllContactsCell.swift in Sources */ = {isa = PBXBuildFile; fileRef = 0700124C2BA9D399000D7112 /* AllContactsCell.swift */; };
		0700124F2BA9D3BF000D7112 /* AllContactsView.swift in Sources */ = {isa = PBXBuildFile; fileRef = 0700124E2BA9D3BF000D7112 /* AllContactsView.swift */; };
		070012512BA9D3F0000D7112 /* AllContactsViewModel.swift in Sources */ = {isa = PBXBuildFile; fileRef = 070012502BA9D3F0000D7112 /* AllContactsViewModel.swift */; };
		070012532BA9D9B4000D7112 /* CNContact+Extensions.swift in Sources */ = {isa = PBXBuildFile; fileRef = 070012522BA9D9B4000D7112 /* CNContact+Extensions.swift */; };
		070012572BA9DCEA000D7112 /* MergeContactsView.swift in Sources */ = {isa = PBXBuildFile; fileRef = 070012562BA9DCEA000D7112 /* MergeContactsView.swift */; };
		0700125A2BA9DD74000D7112 /* MergeContactsCell.swift in Sources */ = {isa = PBXBuildFile; fileRef = 070012592BA9DD74000D7112 /* MergeContactsCell.swift */; };
		0700125D2BA9DF29000D7112 /* MergeContactsViewModel.swift in Sources */ = {isa = PBXBuildFile; fileRef = 0700125C2BA9DF29000D7112 /* MergeContactsViewModel.swift */; };
		07510B9A2BCD395B00F2188D /* AmplitudeSwift in Frameworks */ = {isa = PBXBuildFile; productRef = 07510B992BCD395B00F2188D /* AmplitudeSwift */; };
		075464FC2B9750A8008F9592 /* PHAsset+Extensions.swift in Sources */ = {isa = PBXBuildFile; fileRef = 075464FB2B9750A8008F9592 /* PHAsset+Extensions.swift */; };
		0762A3362B8BAE2B00ECEC96 /* CleanXApp.swift in Sources */ = {isa = PBXBuildFile; fileRef = 0762A3352B8BAE2B00ECEC96 /* CleanXApp.swift */; };
		0762A33A2B8BAE2D00ECEC96 /* Assets.xcassets in Resources */ = {isa = PBXBuildFile; fileRef = 0762A3392B8BAE2D00ECEC96 /* Assets.xcassets */; };
		0762A33D2B8BAE2D00ECEC96 /* Preview Assets.xcassets in Resources */ = {isa = PBXBuildFile; fileRef = 0762A33C2B8BAE2D00ECEC96 /* Preview Assets.xcassets */; };
		079689592B8E2263002BA037 /* Resources+Extension.swift in Sources */ = {isa = PBXBuildFile; fileRef = 079689582B8E2263002BA037 /* Resources+Extension.swift */; };
		0796895F2B8E2A4B002BA037 /* PhotoVideoCategoryCell.swift in Sources */ = {isa = PBXBuildFile; fileRef = 0796895E2B8E2A4B002BA037 /* PhotoVideoCategoryCell.swift */; };
		079689642B8E2B00002BA037 /* DuplicateCategoryType.swift in Sources */ = {isa = PBXBuildFile; fileRef = 079689632B8E2B00002BA037 /* DuplicateCategoryType.swift */; };
		079689682B8E317E002BA037 /* MainView.swift in Sources */ = {isa = PBXBuildFile; fileRef = 079689672B8E317E002BA037 /* MainView.swift */; };
		0796896B2B8E32BB002BA037 /* TabbarView.swift in Sources */ = {isa = PBXBuildFile; fileRef = 0796896A2B8E32BB002BA037 /* TabbarView.swift */; };
		0796896E2B8E356F002BA037 /* SettingsView.swift in Sources */ = {isa = PBXBuildFile; fileRef = 0796896D2B8E356F002BA037 /* SettingsView.swift */; };
		079689702B8E3B6A002BA037 /* MainCategoryCell.swift in Sources */ = {isa = PBXBuildFile; fileRef = 0796896F2B8E3B6A002BA037 /* MainCategoryCell.swift */; };
		079689722B8E3C5E002BA037 /* Colors.xcassets in Resources */ = {isa = PBXBuildFile; fileRef = 079689712B8E3C5E002BA037 /* Colors.xcassets */; };
		079689742B8E409E002BA037 /* MainCategoryType.swift in Sources */ = {isa = PBXBuildFile; fileRef = 079689732B8E409E002BA037 /* MainCategoryType.swift */; };
		079689772B8E41F6002BA037 /* RswiftLibrary in Frameworks */ = {isa = PBXBuildFile; productRef = 079689762B8E41F6002BA037 /* RswiftLibrary */; };
		079828C92B92016C00EF3D78 /* MainViewModel.swift in Sources */ = {isa = PBXBuildFile; fileRef = 079828C82B92016C00EF3D78 /* MainViewModel.swift */; };
		079828CD2B92028800EF3D78 /* PhotoVideoService.swift in Sources */ = {isa = PBXBuildFile; fileRef = 079828CC2B92028800EF3D78 /* PhotoVideoService.swift */; };
		07A83E882B8E645100E8ACAF /* SafeSFSymbols in Frameworks */ = {isa = PBXBuildFile; productRef = 07A83E872B8E645100E8ACAF /* SafeSFSymbols */; };
		07A83F0D2B90D35F00E8ACAF /* ContactsView.swift in Sources */ = {isa = PBXBuildFile; fileRef = 07A83F0C2B90D35F00E8ACAF /* ContactsView.swift */; };
		07A83F102B90D37A00E8ACAF /* CalendarView.swift in Sources */ = {isa = PBXBuildFile; fileRef = 07A83F0F2B90D37A00E8ACAF /* CalendarView.swift */; };
		07A960F72B962C6C001891D9 /* Images.xcassets in Resources */ = {isa = PBXBuildFile; fileRef = 07A960F62B962C6C001891D9 /* Images.xcassets */; };
		07A960FA2B963082001891D9 /* PremiumCell.swift in Sources */ = {isa = PBXBuildFile; fileRef = 07A960F92B963082001891D9 /* PremiumCell.swift */; };
		07A960FD2B9634D5001891D9 /* SettingsCell.swift in Sources */ = {isa = PBXBuildFile; fileRef = 07A960FC2B9634D5001891D9 /* SettingsCell.swift */; };
		07A961072B963DC6001891D9 /* ReviewDuplicatesView.swift in Sources */ = {isa = PBXBuildFile; fileRef = 07A961062B963DC6001891D9 /* ReviewDuplicatesView.swift */; };
		07A9610A2B965745001891D9 /* ReviewDuplicatesCell.swift in Sources */ = {isa = PBXBuildFile; fileRef = 07A961092B965745001891D9 /* ReviewDuplicatesCell.swift */; };
		07A9610D2B967010001891D9 /* View+Extension.swift in Sources */ = {isa = PBXBuildFile; fileRef = 07A9610C2B967010001891D9 /* View+Extension.swift */; };
		07A961112B967048001891D9 /* HideViewModifier.swift in Sources */ = {isa = PBXBuildFile; fileRef = 07A961102B967048001891D9 /* HideViewModifier.swift */; };
		07A961172B971B42001891D9 /* ReviewDuplicatesViewModel.swift in Sources */ = {isa = PBXBuildFile; fileRef = 07A961162B971B42001891D9 /* ReviewDuplicatesViewModel.swift */; };
		07A9611D2B971E41001891D9 /* PlainButtonStyle.swift in Sources */ = {isa = PBXBuildFile; fileRef = 07A9611C2B971E41001891D9 /* PlainButtonStyle.swift */; };
		07ACE8FB2B8E077B0066662D /* Localizable.strings in Resources */ = {isa = PBXBuildFile; fileRef = 07ACE8FD2B8E077B0066662D /* Localizable.strings */; };
		07B62F362B973CBE000E1490 /* PhotoVideoViewModel.swift in Sources */ = {isa = PBXBuildFile; fileRef = 07B62F352B973CBE000E1490 /* PhotoVideoViewModel.swift */; };
		07B9D76D2BCFC07F00F73826 /* AnalyticService.swift in Sources */ = {isa = PBXBuildFile; fileRef = 07B9D76C2BCFC07F00F73826 /* AnalyticService.swift */; };
		07B9F35D2BA0BBD5001D427D /* ReviewDuplicatesCellModel.swift in Sources */ = {isa = PBXBuildFile; fileRef = 07B9F35C2BA0BBD5001D427D /* ReviewDuplicatesCellModel.swift */; };
		07B9F3602BA0CD6F001D427D /* ContactsCell.swift in Sources */ = {isa = PBXBuildFile; fileRef = 07B9F35F2BA0CD6F001D427D /* ContactsCell.swift */; };
		07B9F3632BA1A6BD001D427D /* IncompletedContactCell.swift in Sources */ = {isa = PBXBuildFile; fileRef = 07B9F3622BA1A6BD001D427D /* IncompletedContactCell.swift */; };
		07B9F3662BA1A808001D427D /* Checkbox.swift in Sources */ = {isa = PBXBuildFile; fileRef = 07B9F3652BA1A808001D427D /* Checkbox.swift */; };
		07B9F3712BA1AA47001D427D /* IncompletedContactsView.swift in Sources */ = {isa = PBXBuildFile; fileRef = 07B9F3702BA1AA47001D427D /* IncompletedContactsView.swift */; };
		07B9F3772BA1AA68001D427D /* DuplicatedContactsView.swift in Sources */ = {isa = PBXBuildFile; fileRef = 07B9F3762BA1AA68001D427D /* DuplicatedContactsView.swift */; };
		07B9F37A2BA1ACD4001D427D /* ContactsViewModel.swift in Sources */ = {isa = PBXBuildFile; fileRef = 07B9F3792BA1ACD4001D427D /* ContactsViewModel.swift */; };
		07B9F37D2BA1AE31001D427D /* IncompletedContactsViewModel.swift in Sources */ = {isa = PBXBuildFile; fileRef = 07B9F37C2BA1AE31001D427D /* IncompletedContactsViewModel.swift */; };
		07B9F3802BA1B3A0001D427D /* ContactsService.swift in Sources */ = {isa = PBXBuildFile; fileRef = 07B9F37F2BA1B3A0001D427D /* ContactsService.swift */; };
		07B9F3A62BA85C13001D427D /* DuplicatedContactsCell.swift in Sources */ = {isa = PBXBuildFile; fileRef = 07B9F3A52BA85C13001D427D /* DuplicatedContactsCell.swift */; };
		07B9F3B92BA883BD001D427D /* ContactView.swift in Sources */ = {isa = PBXBuildFile; fileRef = 07B9F3B82BA883BD001D427D /* ContactView.swift */; };
		07B9F3BC2BA99774001D427D /* ContactPickerView.swift in Sources */ = {isa = PBXBuildFile; fileRef = 07B9F3BB2BA99774001D427D /* ContactPickerView.swift */; };
		07B9F3BF2BA99CF0001D427D /* DuplicatedContactsViewModel.swift in Sources */ = {isa = PBXBuildFile; fileRef = 07B9F3BE2BA99CF0001D427D /* DuplicatedContactsViewModel.swift */; };
		07CF139A2B9F2F3300F1AC5D /* Vision+Extensions.swift in Sources */ = {isa = PBXBuildFile; fileRef = 07CF13992B9F2F3300F1AC5D /* Vision+Extensions.swift */; };
		07CF139D2B9F39D000F1AC5D /* Array+Subscript.swift in Sources */ = {isa = PBXBuildFile; fileRef = 07CF139C2B9F39D000F1AC5D /* Array+Subscript.swift */; };
		07CF139F2B9F3A3900F1AC5D /* PhotoModel.swift in Sources */ = {isa = PBXBuildFile; fileRef = 07CF139E2B9F3A3900F1AC5D /* PhotoModel.swift */; };
		07CF13A52B9F3B8100F1AC5D /* Optionals.swift in Sources */ = {isa = PBXBuildFile; fileRef = 07CF13A42B9F3B8100F1AC5D /* Optionals.swift */; };
		07CF13A82B9F3BDE00F1AC5D /* UIImage+Extensions.swift in Sources */ = {isa = PBXBuildFile; fileRef = 07CF13A72B9F3BDE00F1AC5D /* UIImage+Extensions.swift */; };
		07CF13B32B9F6D7700F1AC5D /* CalendarService.swift in Sources */ = {isa = PBXBuildFile; fileRef = 07CF13B22B9F6D7700F1AC5D /* CalendarService.swift */; };
		07CF13B72B9FB82E00F1AC5D /* CalendarViewModel.swift in Sources */ = {isa = PBXBuildFile; fileRef = 07CF13B62B9FB82E00F1AC5D /* CalendarViewModel.swift */; };
		07CF13BA2B9FBA9300F1AC5D /* CalendarModel.swift in Sources */ = {isa = PBXBuildFile; fileRef = 07CF13B92B9FBA9200F1AC5D /* CalendarModel.swift */; };
		07CF13BD2BA04F8200F1AC5D /* CalendarEventCell.swift in Sources */ = {isa = PBXBuildFile; fileRef = 07CF13BC2BA04F8200F1AC5D /* CalendarEventCell.swift */; };
		07D4EF732B8DFD210026AA43 /* PhotoVideoView.swift in Sources */ = {isa = PBXBuildFile; fileRef = 07D4EF722B8DFD210026AA43 /* PhotoVideoView.swift */; };
		07D77F462BBEB9C400DBFA3E /* PhotoPreviewView.swift in Sources */ = {isa = PBXBuildFile; fileRef = 07D77F452BBEB9C400DBFA3E /* PhotoPreviewView.swift */; };
		07D77F492BBEBB1000DBFA3E /* PhotoPreviewViewModel.swift in Sources */ = {isa = PBXBuildFile; fileRef = 07D77F482BBEBB1000DBFA3E /* PhotoPreviewViewModel.swift */; };
		07D77F4D2BBEBE5300DBFA3E /* PopupView in Frameworks */ = {isa = PBXBuildFile; productRef = 07D77F4C2BBEBE5300DBFA3E /* PopupView */; };
/* End PBXBuildFile section */

/* Begin PBXFileReference section */
		070012482BA9CF11000D7112 /* FillButtonStyle.swift */ = {isa = PBXFileReference; lastKnownFileType = sourcecode.swift; path = FillButtonStyle.swift; sourceTree = "<group>"; };
		0700124C2BA9D399000D7112 /* AllContactsCell.swift */ = {isa = PBXFileReference; lastKnownFileType = sourcecode.swift; path = AllContactsCell.swift; sourceTree = "<group>"; };
		0700124E2BA9D3BF000D7112 /* AllContactsView.swift */ = {isa = PBXFileReference; lastKnownFileType = sourcecode.swift; path = AllContactsView.swift; sourceTree = "<group>"; };
		070012502BA9D3F0000D7112 /* AllContactsViewModel.swift */ = {isa = PBXFileReference; lastKnownFileType = sourcecode.swift; path = AllContactsViewModel.swift; sourceTree = "<group>"; };
		070012522BA9D9B4000D7112 /* CNContact+Extensions.swift */ = {isa = PBXFileReference; lastKnownFileType = sourcecode.swift; path = "CNContact+Extensions.swift"; sourceTree = "<group>"; };
		070012562BA9DCEA000D7112 /* MergeContactsView.swift */ = {isa = PBXFileReference; lastKnownFileType = sourcecode.swift; path = MergeContactsView.swift; sourceTree = "<group>"; };
		070012592BA9DD74000D7112 /* MergeContactsCell.swift */ = {isa = PBXFileReference; lastKnownFileType = sourcecode.swift; path = MergeContactsCell.swift; sourceTree = "<group>"; };
		0700125C2BA9DF29000D7112 /* MergeContactsViewModel.swift */ = {isa = PBXFileReference; lastKnownFileType = sourcecode.swift; path = MergeContactsViewModel.swift; sourceTree = "<group>"; };
		07510B8C2BC8397200F2188D /* fr */ = {isa = PBXFileReference; lastKnownFileType = text.plist.strings; name = fr; path = fr.lproj/Localizable.strings; sourceTree = "<group>"; };
		07510B8D2BC8397900F2188D /* es */ = {isa = PBXFileReference; lastKnownFileType = text.plist.strings; name = es; path = es.lproj/Localizable.strings; sourceTree = "<group>"; };
		07510B8E2BC8398000F2188D /* it */ = {isa = PBXFileReference; lastKnownFileType = text.plist.strings; name = it; path = it.lproj/Localizable.strings; sourceTree = "<group>"; };
		07510B8F2BC8398800F2188D /* de */ = {isa = PBXFileReference; lastKnownFileType = text.plist.strings; name = de; path = de.lproj/Localizable.strings; sourceTree = "<group>"; };
		075464FB2B9750A8008F9592 /* PHAsset+Extensions.swift */ = {isa = PBXFileReference; lastKnownFileType = sourcecode.swift; path = "PHAsset+Extensions.swift"; sourceTree = "<group>"; };
		0762A3322B8BAE2B00ECEC96 /* CleanX.app */ = {isa = PBXFileReference; explicitFileType = wrapper.application; includeInIndex = 0; path = CleanX.app; sourceTree = BUILT_PRODUCTS_DIR; };
		0762A3352B8BAE2B00ECEC96 /* CleanXApp.swift */ = {isa = PBXFileReference; lastKnownFileType = sourcecode.swift; path = CleanXApp.swift; sourceTree = "<group>"; };
		0762A3392B8BAE2D00ECEC96 /* Assets.xcassets */ = {isa = PBXFileReference; lastKnownFileType = folder.assetcatalog; path = Assets.xcassets; sourceTree = "<group>"; };
		0762A33C2B8BAE2D00ECEC96 /* Preview Assets.xcassets */ = {isa = PBXFileReference; lastKnownFileType = folder.assetcatalog; path = "Preview Assets.xcassets"; sourceTree = "<group>"; };
		079689582B8E2263002BA037 /* Resources+Extension.swift */ = {isa = PBXFileReference; lastKnownFileType = sourcecode.swift; path = "Resources+Extension.swift"; sourceTree = "<group>"; };
		0796895E2B8E2A4B002BA037 /* PhotoVideoCategoryCell.swift */ = {isa = PBXFileReference; lastKnownFileType = sourcecode.swift; path = PhotoVideoCategoryCell.swift; sourceTree = "<group>"; };
		079689632B8E2B00002BA037 /* DuplicateCategoryType.swift */ = {isa = PBXFileReference; lastKnownFileType = sourcecode.swift; path = DuplicateCategoryType.swift; sourceTree = "<group>"; };
		079689672B8E317E002BA037 /* MainView.swift */ = {isa = PBXFileReference; lastKnownFileType = sourcecode.swift; path = MainView.swift; sourceTree = "<group>"; };
		0796896A2B8E32BB002BA037 /* TabbarView.swift */ = {isa = PBXFileReference; lastKnownFileType = sourcecode.swift; path = TabbarView.swift; sourceTree = "<group>"; };
		0796896D2B8E356F002BA037 /* SettingsView.swift */ = {isa = PBXFileReference; lastKnownFileType = sourcecode.swift; path = SettingsView.swift; sourceTree = "<group>"; };
		0796896F2B8E3B6A002BA037 /* MainCategoryCell.swift */ = {isa = PBXFileReference; lastKnownFileType = sourcecode.swift; path = MainCategoryCell.swift; sourceTree = "<group>"; };
		079689712B8E3C5E002BA037 /* Colors.xcassets */ = {isa = PBXFileReference; lastKnownFileType = folder.assetcatalog; path = Colors.xcassets; sourceTree = "<group>"; };
		079689732B8E409E002BA037 /* MainCategoryType.swift */ = {isa = PBXFileReference; lastKnownFileType = sourcecode.swift; path = MainCategoryType.swift; sourceTree = "<group>"; };
		079828C82B92016C00EF3D78 /* MainViewModel.swift */ = {isa = PBXFileReference; lastKnownFileType = sourcecode.swift; path = MainViewModel.swift; sourceTree = "<group>"; };
		079828CC2B92028800EF3D78 /* PhotoVideoService.swift */ = {isa = PBXFileReference; lastKnownFileType = sourcecode.swift; path = PhotoVideoService.swift; sourceTree = "<group>"; };
		07A83F0C2B90D35F00E8ACAF /* ContactsView.swift */ = {isa = PBXFileReference; lastKnownFileType = sourcecode.swift; path = ContactsView.swift; sourceTree = "<group>"; };
		07A83F0F2B90D37A00E8ACAF /* CalendarView.swift */ = {isa = PBXFileReference; lastKnownFileType = sourcecode.swift; path = CalendarView.swift; sourceTree = "<group>"; };
		07A960F62B962C6C001891D9 /* Images.xcassets */ = {isa = PBXFileReference; lastKnownFileType = folder.assetcatalog; path = Images.xcassets; sourceTree = "<group>"; };
		07A960F92B963082001891D9 /* PremiumCell.swift */ = {isa = PBXFileReference; lastKnownFileType = sourcecode.swift; path = PremiumCell.swift; sourceTree = "<group>"; };
		07A960FC2B9634D5001891D9 /* SettingsCell.swift */ = {isa = PBXFileReference; lastKnownFileType = sourcecode.swift; path = SettingsCell.swift; sourceTree = "<group>"; };
		07A961062B963DC6001891D9 /* ReviewDuplicatesView.swift */ = {isa = PBXFileReference; lastKnownFileType = sourcecode.swift; path = ReviewDuplicatesView.swift; sourceTree = "<group>"; };
		07A961092B965745001891D9 /* ReviewDuplicatesCell.swift */ = {isa = PBXFileReference; lastKnownFileType = sourcecode.swift; path = ReviewDuplicatesCell.swift; sourceTree = "<group>"; };
		07A9610C2B967010001891D9 /* View+Extension.swift */ = {isa = PBXFileReference; lastKnownFileType = sourcecode.swift; path = "View+Extension.swift"; sourceTree = "<group>"; };
		07A961102B967048001891D9 /* HideViewModifier.swift */ = {isa = PBXFileReference; lastKnownFileType = sourcecode.swift; path = HideViewModifier.swift; sourceTree = "<group>"; };
		07A961162B971B42001891D9 /* ReviewDuplicatesViewModel.swift */ = {isa = PBXFileReference; lastKnownFileType = sourcecode.swift; path = ReviewDuplicatesViewModel.swift; sourceTree = "<group>"; };
		07A9611C2B971E41001891D9 /* PlainButtonStyle.swift */ = {isa = PBXFileReference; lastKnownFileType = sourcecode.swift; path = PlainButtonStyle.swift; sourceTree = "<group>"; };
		07ACE8FC2B8E077B0066662D /* en */ = {isa = PBXFileReference; lastKnownFileType = text.plist.strings; name = en; path = en.lproj/Localizable.strings; sourceTree = "<group>"; };
		07ACE8FE2B8E078F0066662D /* ru */ = {isa = PBXFileReference; lastKnownFileType = text.plist.strings; name = ru; path = ru.lproj/Localizable.strings; sourceTree = "<group>"; };
		07B62F352B973CBE000E1490 /* PhotoVideoViewModel.swift */ = {isa = PBXFileReference; lastKnownFileType = sourcecode.swift; path = PhotoVideoViewModel.swift; sourceTree = "<group>"; };
		07B9D76C2BCFC07F00F73826 /* AnalyticService.swift */ = {isa = PBXFileReference; lastKnownFileType = sourcecode.swift; path = AnalyticService.swift; sourceTree = "<group>"; };
		07B9F35C2BA0BBD5001D427D /* ReviewDuplicatesCellModel.swift */ = {isa = PBXFileReference; lastKnownFileType = sourcecode.swift; path = ReviewDuplicatesCellModel.swift; sourceTree = "<group>"; };
		07B9F35F2BA0CD6F001D427D /* ContactsCell.swift */ = {isa = PBXFileReference; lastKnownFileType = sourcecode.swift; path = ContactsCell.swift; sourceTree = "<group>"; };
		07B9F3622BA1A6BD001D427D /* IncompletedContactCell.swift */ = {isa = PBXFileReference; lastKnownFileType = sourcecode.swift; path = IncompletedContactCell.swift; sourceTree = "<group>"; };
		07B9F3652BA1A808001D427D /* Checkbox.swift */ = {isa = PBXFileReference; lastKnownFileType = sourcecode.swift; path = Checkbox.swift; sourceTree = "<group>"; };
		07B9F3702BA1AA47001D427D /* IncompletedContactsView.swift */ = {isa = PBXFileReference; lastKnownFileType = sourcecode.swift; path = IncompletedContactsView.swift; sourceTree = "<group>"; };
		07B9F3762BA1AA68001D427D /* DuplicatedContactsView.swift */ = {isa = PBXFileReference; lastKnownFileType = sourcecode.swift; path = DuplicatedContactsView.swift; sourceTree = "<group>"; };
		07B9F3792BA1ACD4001D427D /* ContactsViewModel.swift */ = {isa = PBXFileReference; lastKnownFileType = sourcecode.swift; path = ContactsViewModel.swift; sourceTree = "<group>"; };
		07B9F37C2BA1AE31001D427D /* IncompletedContactsViewModel.swift */ = {isa = PBXFileReference; lastKnownFileType = sourcecode.swift; path = IncompletedContactsViewModel.swift; sourceTree = "<group>"; };
		07B9F37F2BA1B3A0001D427D /* ContactsService.swift */ = {isa = PBXFileReference; lastKnownFileType = sourcecode.swift; path = ContactsService.swift; sourceTree = "<group>"; };
		07B9F3A52BA85C13001D427D /* DuplicatedContactsCell.swift */ = {isa = PBXFileReference; lastKnownFileType = sourcecode.swift; path = DuplicatedContactsCell.swift; sourceTree = "<group>"; };
		07B9F3B82BA883BD001D427D /* ContactView.swift */ = {isa = PBXFileReference; lastKnownFileType = sourcecode.swift; path = ContactView.swift; sourceTree = "<group>"; };
		07B9F3BB2BA99774001D427D /* ContactPickerView.swift */ = {isa = PBXFileReference; lastKnownFileType = sourcecode.swift; path = ContactPickerView.swift; sourceTree = "<group>"; };
		07B9F3BE2BA99CF0001D427D /* DuplicatedContactsViewModel.swift */ = {isa = PBXFileReference; lastKnownFileType = sourcecode.swift; path = DuplicatedContactsViewModel.swift; sourceTree = "<group>"; };
		07CF13992B9F2F3300F1AC5D /* Vision+Extensions.swift */ = {isa = PBXFileReference; lastKnownFileType = sourcecode.swift; path = "Vision+Extensions.swift"; sourceTree = "<group>"; };
		07CF139C2B9F39D000F1AC5D /* Array+Subscript.swift */ = {isa = PBXFileReference; lastKnownFileType = sourcecode.swift; path = "Array+Subscript.swift"; sourceTree = "<group>"; };
		07CF139E2B9F3A3900F1AC5D /* PhotoModel.swift */ = {isa = PBXFileReference; lastKnownFileType = sourcecode.swift; path = PhotoModel.swift; sourceTree = "<group>"; };
		07CF13A42B9F3B8100F1AC5D /* Optionals.swift */ = {isa = PBXFileReference; lastKnownFileType = sourcecode.swift; path = Optionals.swift; sourceTree = "<group>"; };
		07CF13A72B9F3BDE00F1AC5D /* UIImage+Extensions.swift */ = {isa = PBXFileReference; lastKnownFileType = sourcecode.swift; path = "UIImage+Extensions.swift"; sourceTree = "<group>"; };
		07CF13AA2B9F649000F1AC5D /* Info.plist */ = {isa = PBXFileReference; lastKnownFileType = text.plist; path = Info.plist; sourceTree = "<group>"; };
		07CF13B22B9F6D7700F1AC5D /* CalendarService.swift */ = {isa = PBXFileReference; lastKnownFileType = sourcecode.swift; path = CalendarService.swift; sourceTree = "<group>"; };
		07CF13B62B9FB82E00F1AC5D /* CalendarViewModel.swift */ = {isa = PBXFileReference; lastKnownFileType = sourcecode.swift; path = CalendarViewModel.swift; sourceTree = "<group>"; };
		07CF13B92B9FBA9200F1AC5D /* CalendarModel.swift */ = {isa = PBXFileReference; lastKnownFileType = sourcecode.swift; path = CalendarModel.swift; sourceTree = "<group>"; };
		07CF13BC2BA04F8200F1AC5D /* CalendarEventCell.swift */ = {isa = PBXFileReference; lastKnownFileType = sourcecode.swift; path = CalendarEventCell.swift; sourceTree = "<group>"; };
		07D4EF722B8DFD210026AA43 /* PhotoVideoView.swift */ = {isa = PBXFileReference; lastKnownFileType = sourcecode.swift; path = PhotoVideoView.swift; sourceTree = "<group>"; };
		07D77F452BBEB9C400DBFA3E /* PhotoPreviewView.swift */ = {isa = PBXFileReference; lastKnownFileType = sourcecode.swift; path = PhotoPreviewView.swift; sourceTree = "<group>"; };
		07D77F482BBEBB1000DBFA3E /* PhotoPreviewViewModel.swift */ = {isa = PBXFileReference; lastKnownFileType = sourcecode.swift; path = PhotoPreviewViewModel.swift; sourceTree = "<group>"; };
/* End PBXFileReference section */

/* Begin PBXFrameworksBuildPhase section */
		0762A32F2B8BAE2B00ECEC96 /* Frameworks */ = {
			isa = PBXFrameworksBuildPhase;
			buildActionMask = 2147483647;
			files = (
				07510B9A2BCD395B00F2188D /* AmplitudeSwift in Frameworks */,
				07D77F4D2BBEBE5300DBFA3E /* PopupView in Frameworks */,
				07A83E882B8E645100E8ACAF /* SafeSFSymbols in Frameworks */,
				079689772B8E41F6002BA037 /* RswiftLibrary in Frameworks */,
			);
			runOnlyForDeploymentPostprocessing = 0;
		};
/* End PBXFrameworksBuildPhase section */

/* Begin PBXGroup section */
		0700124B2BA9D389000D7112 /* AllContacts */ = {
			isa = PBXGroup;
			children = (
				0700124C2BA9D399000D7112 /* AllContactsCell.swift */,
				0700124E2BA9D3BF000D7112 /* AllContactsView.swift */,
				070012502BA9D3F0000D7112 /* AllContactsViewModel.swift */,
			);
			path = AllContacts;
			sourceTree = "<group>";
		};
		070012552BA9DCD2000D7112 /* MergeContacts */ = {
			isa = PBXGroup;
			children = (
				070012562BA9DCEA000D7112 /* MergeContactsView.swift */,
				070012592BA9DD74000D7112 /* MergeContactsCell.swift */,
				0700125C2BA9DF29000D7112 /* MergeContactsViewModel.swift */,
			);
			path = MergeContacts;
			sourceTree = "<group>";
		};
		0762A3292B8BAE2B00ECEC96 = {
			isa = PBXGroup;
			children = (
				0762A3342B8BAE2B00ECEC96 /* CleanX */,
				0762A3332B8BAE2B00ECEC96 /* Products */,
			);
			sourceTree = "<group>";
		};
		0762A3332B8BAE2B00ECEC96 /* Products */ = {
			isa = PBXGroup;
			children = (
				0762A3322B8BAE2B00ECEC96 /* CleanX.app */,
			);
			name = Products;
			sourceTree = "<group>";
		};
		0762A3342B8BAE2B00ECEC96 /* CleanX */ = {
			isa = PBXGroup;
			children = (
				07CF13AA2B9F649000F1AC5D /* Info.plist */,
				07B62F382B974013000E1490 /* Common */,
				07D4EF6F2B8DFC840026AA43 /* App */,
				07ACE8F82B8E06A60066662D /* Resources */,
				0762A33B2B8BAE2D00ECEC96 /* Preview Content */,
			);
			path = CleanX;
			sourceTree = "<group>";
		};
		0762A33B2B8BAE2D00ECEC96 /* Preview Content */ = {
			isa = PBXGroup;
			children = (
				0762A33C2B8BAE2D00ECEC96 /* Preview Assets.xcassets */,
			);
			path = "Preview Content";
			sourceTree = "<group>";
		};
		079689572B8E224F002BA037 /* Extensions */ = {
			isa = PBXGroup;
			children = (
				079689582B8E2263002BA037 /* Resources+Extension.swift */,
				07A9610C2B967010001891D9 /* View+Extension.swift */,
				075464FB2B9750A8008F9592 /* PHAsset+Extensions.swift */,
				07CF13992B9F2F3300F1AC5D /* Vision+Extensions.swift */,
				07CF139C2B9F39D000F1AC5D /* Array+Subscript.swift */,
				07CF13A72B9F3BDE00F1AC5D /* UIImage+Extensions.swift */,
				07CF13A42B9F3B8100F1AC5D /* Optionals.swift */,
				070012522BA9D9B4000D7112 /* CNContact+Extensions.swift */,
			);
			path = Extensions;
			sourceTree = "<group>";
		};
		079689612B8E2AF7002BA037 /* Models */ = {
			isa = PBXGroup;
			children = (
				079689632B8E2B00002BA037 /* DuplicateCategoryType.swift */,
				079689732B8E409E002BA037 /* MainCategoryType.swift */,
				07CF139E2B9F3A3900F1AC5D /* PhotoModel.swift */,
				07CF13B92B9FBA9200F1AC5D /* CalendarModel.swift */,
				07B9F35C2BA0BBD5001D427D /* ReviewDuplicatesCellModel.swift */,
			);
			path = Models;
			sourceTree = "<group>";
		};
		079689662B8E316B002BA037 /* Main */ = {
			isa = PBXGroup;
			children = (
				079689672B8E317E002BA037 /* MainView.swift */,
				079828C82B92016C00EF3D78 /* MainViewModel.swift */,
				0796896F2B8E3B6A002BA037 /* MainCategoryCell.swift */,
			);
			path = Main;
			sourceTree = "<group>";
		};
		0796896C2B8E3563002BA037 /* Settings */ = {
			isa = PBXGroup;
			children = (
				0796896D2B8E356F002BA037 /* SettingsView.swift */,
				07A960FC2B9634D5001891D9 /* SettingsCell.swift */,
			);
			path = Settings;
			sourceTree = "<group>";
		};
		079828CB2B92027400EF3D78 /* Services */ = {
			isa = PBXGroup;
			children = (
				079828CC2B92028800EF3D78 /* PhotoVideoService.swift */,
				07CF13B22B9F6D7700F1AC5D /* CalendarService.swift */,
				07B9F37F2BA1B3A0001D427D /* ContactsService.swift */,
				07B9D76C2BCFC07F00F73826 /* AnalyticService.swift */,
			);
			path = Services;
			sourceTree = "<group>";
		};
		07A83E8A2B8F3B2E00E8ACAF /* UIComponents */ = {
			isa = PBXGroup;
			children = (
				07A9611A2B971DFC001891D9 /* ButtonStyles */,
				07A960F92B963082001891D9 /* PremiumCell.swift */,
				07B9F3652BA1A808001D427D /* Checkbox.swift */,
				07B9F3B82BA883BD001D427D /* ContactView.swift */,
				07B9F3BB2BA99774001D427D /* ContactPickerView.swift */,
			);
			path = UIComponents;
			sourceTree = "<group>";
		};
		07A83F0B2B90D35200E8ACAF /* Contacts */ = {
			isa = PBXGroup;
			children = (
				070012552BA9DCD2000D7112 /* MergeContacts */,
				0700124B2BA9D389000D7112 /* AllContacts */,
				07B9F3732BA1AA57001D427D /* Duplicated */,
				07B9F36C2BA1AA2B001D427D /* Incompleted */,
				07B9F3682BA1AA12001D427D /* Categories */,
			);
			path = Contacts;
			sourceTree = "<group>";
		};
		07A83F0E2B90D36F00E8ACAF /* Calendar */ = {
			isa = PBXGroup;
			children = (
				07A83F0F2B90D37A00E8ACAF /* CalendarView.swift */,
				07CF13B62B9FB82E00F1AC5D /* CalendarViewModel.swift */,
				07CF13BC2BA04F8200F1AC5D /* CalendarEventCell.swift */,
			);
			path = Calendar;
			sourceTree = "<group>";
		};
		07A961032B963DAB001891D9 /* ReviewDuplicates */ = {
			isa = PBXGroup;
			children = (
				07A961062B963DC6001891D9 /* ReviewDuplicatesView.swift */,
				07A961092B965745001891D9 /* ReviewDuplicatesCell.swift */,
				07A961162B971B42001891D9 /* ReviewDuplicatesViewModel.swift */,
			);
			path = ReviewDuplicates;
			sourceTree = "<group>";
		};
		07A9610F2B967035001891D9 /* ViewModifiers */ = {
			isa = PBXGroup;
			children = (
				07A961102B967048001891D9 /* HideViewModifier.swift */,
			);
			path = ViewModifiers;
			sourceTree = "<group>";
		};
		07A9611A2B971DFC001891D9 /* ButtonStyles */ = {
			isa = PBXGroup;
			children = (
				07A9611C2B971E41001891D9 /* PlainButtonStyle.swift */,
				070012482BA9CF11000D7112 /* FillButtonStyle.swift */,
			);
			path = ButtonStyles;
			sourceTree = "<group>";
		};
		07ACE8F82B8E06A60066662D /* Resources */ = {
			isa = PBXGroup;
			children = (
				07A960F62B962C6C001891D9 /* Images.xcassets */,
				079689712B8E3C5E002BA037 /* Colors.xcassets */,
				0762A3392B8BAE2D00ECEC96 /* Assets.xcassets */,
				07ACE8FD2B8E077B0066662D /* Localizable.strings */,
			);
			path = Resources;
			sourceTree = "<group>";
		};
		07B62F382B974013000E1490 /* Common */ = {
			isa = PBXGroup;
			children = (
				07A9610F2B967035001891D9 /* ViewModifiers */,
				079828CB2B92027400EF3D78 /* Services */,
				07A83E8A2B8F3B2E00E8ACAF /* UIComponents */,
				079689612B8E2AF7002BA037 /* Models */,
				079689572B8E224F002BA037 /* Extensions */,
			);
			path = Common;
			sourceTree = "<group>";
		};
		07B9F3682BA1AA12001D427D /* Categories */ = {
			isa = PBXGroup;
			children = (
				07A83F0C2B90D35F00E8ACAF /* ContactsView.swift */,
				07B9F35F2BA0CD6F001D427D /* ContactsCell.swift */,
				07B9F3792BA1ACD4001D427D /* ContactsViewModel.swift */,
			);
			path = Categories;
			sourceTree = "<group>";
		};
		07B9F36C2BA1AA2B001D427D /* Incompleted */ = {
			isa = PBXGroup;
			children = (
				07B9F3622BA1A6BD001D427D /* IncompletedContactCell.swift */,
				07B9F3702BA1AA47001D427D /* IncompletedContactsView.swift */,
				07B9F37C2BA1AE31001D427D /* IncompletedContactsViewModel.swift */,
			);
			path = Incompleted;
			sourceTree = "<group>";
		};
		07B9F3732BA1AA57001D427D /* Duplicated */ = {
			isa = PBXGroup;
			children = (
				07B9F3762BA1AA68001D427D /* DuplicatedContactsView.swift */,
				07B9F3A52BA85C13001D427D /* DuplicatedContactsCell.swift */,
				07B9F3BE2BA99CF0001D427D /* DuplicatedContactsViewModel.swift */,
			);
			path = Duplicated;
			sourceTree = "<group>";
		};
		07D4EF6F2B8DFC840026AA43 /* App */ = {
			isa = PBXGroup;
			children = (
				07A83F0E2B90D36F00E8ACAF /* Calendar */,
				07A83F0B2B90D35200E8ACAF /* Contacts */,
				0796896C2B8E3563002BA037 /* Settings */,
				079689662B8E316B002BA037 /* Main */,
				07D4EF702B8DFCF40026AA43 /* Duplicates */,
				0762A3352B8BAE2B00ECEC96 /* CleanXApp.swift */,
				0796896A2B8E32BB002BA037 /* TabbarView.swift */,
			);
			path = App;
			sourceTree = "<group>";
		};
		07D4EF702B8DFCF40026AA43 /* Duplicates */ = {
			isa = PBXGroup;
			children = (
				07D77F442BBEB9B200DBFA3E /* PhotoPreview */,
				07A961032B963DAB001891D9 /* ReviewDuplicates */,
				07D4EF712B8DFD010026AA43 /* PhotoVideo */,
			);
			path = Duplicates;
			sourceTree = "<group>";
		};
		07D4EF712B8DFD010026AA43 /* PhotoVideo */ = {
			isa = PBXGroup;
			children = (
				07D4EF722B8DFD210026AA43 /* PhotoVideoView.swift */,
				0796895E2B8E2A4B002BA037 /* PhotoVideoCategoryCell.swift */,
				07B62F352B973CBE000E1490 /* PhotoVideoViewModel.swift */,
			);
			path = PhotoVideo;
			sourceTree = "<group>";
		};
		07D77F442BBEB9B200DBFA3E /* PhotoPreview */ = {
			isa = PBXGroup;
			children = (
				07D77F452BBEB9C400DBFA3E /* PhotoPreviewView.swift */,
				07D77F482BBEBB1000DBFA3E /* PhotoPreviewViewModel.swift */,
			);
			path = PhotoPreview;
			sourceTree = "<group>";
		};
/* End PBXGroup section */

/* Begin PBXNativeTarget section */
		0762A3312B8BAE2B00ECEC96 /* CleanX */ = {
			isa = PBXNativeTarget;
			buildConfigurationList = 0762A3402B8BAE2D00ECEC96 /* Build configuration list for PBXNativeTarget "CleanX" */;
			buildPhases = (
				0762A32E2B8BAE2B00ECEC96 /* Sources */,
				0762A32F2B8BAE2B00ECEC96 /* Frameworks */,
				0762A3302B8BAE2B00ECEC96 /* Resources */,
			);
			buildRules = (
			);
			dependencies = (
				079689792B8E4200002BA037 /* PBXTargetDependency */,
			);
			name = CleanX;
			packageProductDependencies = (
				079689762B8E41F6002BA037 /* RswiftLibrary */,
				07A83E872B8E645100E8ACAF /* SafeSFSymbols */,
				07D77F4C2BBEBE5300DBFA3E /* PopupView */,
				07510B992BCD395B00F2188D /* AmplitudeSwift */,
			);
			productName = CleanX;
			productReference = 0762A3322B8BAE2B00ECEC96 /* CleanX.app */;
			productType = "com.apple.product-type.application";
		};
/* End PBXNativeTarget section */

/* Begin PBXProject section */
		0762A32A2B8BAE2B00ECEC96 /* Project object */ = {
			isa = PBXProject;
			attributes = {
				BuildIndependentTargetsInParallel = 1;
				LastSwiftUpdateCheck = 1500;
				LastUpgradeCheck = 1500;
				TargetAttributes = {
					0762A3312B8BAE2B00ECEC96 = {
						CreatedOnToolsVersion = 15.0.1;
					};
				};
			};
			buildConfigurationList = 0762A32D2B8BAE2B00ECEC96 /* Build configuration list for PBXProject "CleanX" */;
			compatibilityVersion = "Xcode 14.0";
			developmentRegion = en;
			hasScannedForEncodings = 0;
			knownRegions = (
				en,
				Base,
				ru,
				fr,
				es,
				it,
				de,
			);
			mainGroup = 0762A3292B8BAE2B00ECEC96;
			packageReferences = (
				079689752B8E41F6002BA037 /* XCRemoteSwiftPackageReference "R.swift" */,
				07A83E862B8E645100E8ACAF /* XCRemoteSwiftPackageReference "SafeSFSymbols" */,
				07D77F4B2BBEBE5300DBFA3E /* XCRemoteSwiftPackageReference "PopupView" */,
				07510B982BCD395B00F2188D /* XCRemoteSwiftPackageReference "Amplitude-Swift" */,
			);
			productRefGroup = 0762A3332B8BAE2B00ECEC96 /* Products */;
			projectDirPath = "";
			projectRoot = "";
			targets = (
				0762A3312B8BAE2B00ECEC96 /* CleanX */,
			);
		};
/* End PBXProject section */

/* Begin PBXResourcesBuildPhase section */
		0762A3302B8BAE2B00ECEC96 /* Resources */ = {
			isa = PBXResourcesBuildPhase;
			buildActionMask = 2147483647;
			files = (
				0762A33D2B8BAE2D00ECEC96 /* Preview Assets.xcassets in Resources */,
				07A960F72B962C6C001891D9 /* Images.xcassets in Resources */,
				079689722B8E3C5E002BA037 /* Colors.xcassets in Resources */,
				07ACE8FB2B8E077B0066662D /* Localizable.strings in Resources */,
				0762A33A2B8BAE2D00ECEC96 /* Assets.xcassets in Resources */,
			);
			runOnlyForDeploymentPostprocessing = 0;
		};
/* End PBXResourcesBuildPhase section */

/* Begin PBXSourcesBuildPhase section */
		0762A32E2B8BAE2B00ECEC96 /* Sources */ = {
			isa = PBXSourcesBuildPhase;
			buildActionMask = 2147483647;
			files = (
				0796895F2B8E2A4B002BA037 /* PhotoVideoCategoryCell.swift in Sources */,
				07B9F37D2BA1AE31001D427D /* IncompletedContactsViewModel.swift in Sources */,
				07CF13A52B9F3B8100F1AC5D /* Optionals.swift in Sources */,
				07A960FD2B9634D5001891D9 /* SettingsCell.swift in Sources */,
				07B9F3632BA1A6BD001D427D /* IncompletedContactCell.swift in Sources */,
				07B62F362B973CBE000E1490 /* PhotoVideoViewModel.swift in Sources */,
				07D77F492BBEBB1000DBFA3E /* PhotoPreviewViewModel.swift in Sources */,
				0700125A2BA9DD74000D7112 /* MergeContactsCell.swift in Sources */,
				07A961112B967048001891D9 /* HideViewModifier.swift in Sources */,
				07D77F462BBEB9C400DBFA3E /* PhotoPreviewView.swift in Sources */,
				075464FC2B9750A8008F9592 /* PHAsset+Extensions.swift in Sources */,
				07B9F3802BA1B3A0001D427D /* ContactsService.swift in Sources */,
				079689682B8E317E002BA037 /* MainView.swift in Sources */,
				07B9D76D2BCFC07F00F73826 /* AnalyticService.swift in Sources */,
				070012532BA9D9B4000D7112 /* CNContact+Extensions.swift in Sources */,
				07B9F3712BA1AA47001D427D /* IncompletedContactsView.swift in Sources */,
				070012572BA9DCEA000D7112 /* MergeContactsView.swift in Sources */,
				07A961172B971B42001891D9 /* ReviewDuplicatesViewModel.swift in Sources */,
				07CF139D2B9F39D000F1AC5D /* Array+Subscript.swift in Sources */,
				0796896B2B8E32BB002BA037 /* TabbarView.swift in Sources */,
				07A9610A2B965745001891D9 /* ReviewDuplicatesCell.swift in Sources */,
				0796896E2B8E356F002BA037 /* SettingsView.swift in Sources */,
				079828CD2B92028800EF3D78 /* PhotoVideoService.swift in Sources */,
				0700124F2BA9D3BF000D7112 /* AllContactsView.swift in Sources */,
				07B9F3B92BA883BD001D427D /* ContactView.swift in Sources */,
				07A961072B963DC6001891D9 /* ReviewDuplicatesView.swift in Sources */,
				07CF13A82B9F3BDE00F1AC5D /* UIImage+Extensions.swift in Sources */,
				070012492BA9CF11000D7112 /* FillButtonStyle.swift in Sources */,
				079689642B8E2B00002BA037 /* DuplicateCategoryType.swift in Sources */,
				079689742B8E409E002BA037 /* MainCategoryType.swift in Sources */,
				079828C92B92016C00EF3D78 /* MainViewModel.swift in Sources */,
				070012512BA9D3F0000D7112 /* AllContactsViewModel.swift in Sources */,
				07CF139F2B9F3A3900F1AC5D /* PhotoModel.swift in Sources */,
				07B9F37A2BA1ACD4001D427D /* ContactsViewModel.swift in Sources */,
				07CF13BA2B9FBA9300F1AC5D /* CalendarModel.swift in Sources */,
				0700125D2BA9DF29000D7112 /* MergeContactsViewModel.swift in Sources */,
				07CF13BD2BA04F8200F1AC5D /* CalendarEventCell.swift in Sources */,
				07B9F3772BA1AA68001D427D /* DuplicatedContactsView.swift in Sources */,
				07CF139A2B9F2F3300F1AC5D /* Vision+Extensions.swift in Sources */,
				07B9F3A62BA85C13001D427D /* DuplicatedContactsCell.swift in Sources */,
				07A83F102B90D37A00E8ACAF /* CalendarView.swift in Sources */,
				07B9F35D2BA0BBD5001D427D /* ReviewDuplicatesCellModel.swift in Sources */,
				079689702B8E3B6A002BA037 /* MainCategoryCell.swift in Sources */,
				07B9F3BC2BA99774001D427D /* ContactPickerView.swift in Sources */,
				07A960FA2B963082001891D9 /* PremiumCell.swift in Sources */,
				07CF13B32B9F6D7700F1AC5D /* CalendarService.swift in Sources */,
				07B9F3602BA0CD6F001D427D /* ContactsCell.swift in Sources */,
				07CF13B72B9FB82E00F1AC5D /* CalendarViewModel.swift in Sources */,
				07B9F3662BA1A808001D427D /* Checkbox.swift in Sources */,
				0700124D2BA9D399000D7112 /* AllContactsCell.swift in Sources */,
				07A9611D2B971E41001891D9 /* PlainButtonStyle.swift in Sources */,
				07D4EF732B8DFD210026AA43 /* PhotoVideoView.swift in Sources */,
				07A83F0D2B90D35F00E8ACAF /* ContactsView.swift in Sources */,
				0762A3362B8BAE2B00ECEC96 /* CleanXApp.swift in Sources */,
				07A9610D2B967010001891D9 /* View+Extension.swift in Sources */,
				079689592B8E2263002BA037 /* Resources+Extension.swift in Sources */,
				07B9F3BF2BA99CF0001D427D /* DuplicatedContactsViewModel.swift in Sources */,
			);
			runOnlyForDeploymentPostprocessing = 0;
		};
/* End PBXSourcesBuildPhase section */

/* Begin PBXTargetDependency section */
		079689792B8E4200002BA037 /* PBXTargetDependency */ = {
			isa = PBXTargetDependency;
			productRef = 079689782B8E4200002BA037 /* RswiftGenerateInternalResources */;
		};
/* End PBXTargetDependency section */

/* Begin PBXVariantGroup section */
		07ACE8FD2B8E077B0066662D /* Localizable.strings */ = {
			isa = PBXVariantGroup;
			children = (
				07ACE8FC2B8E077B0066662D /* en */,
				07ACE8FE2B8E078F0066662D /* ru */,
				07510B8C2BC8397200F2188D /* fr */,
				07510B8D2BC8397900F2188D /* es */,
				07510B8E2BC8398000F2188D /* it */,
				07510B8F2BC8398800F2188D /* de */,
			);
			name = Localizable.strings;
			sourceTree = "<group>";
		};
/* End PBXVariantGroup section */

/* Begin XCBuildConfiguration section */
		0762A33E2B8BAE2D00ECEC96 /* Debug */ = {
			isa = XCBuildConfiguration;
			buildSettings = {
				ALWAYS_SEARCH_USER_PATHS = NO;
				ASSETCATALOG_COMPILER_GENERATE_SWIFT_ASSET_SYMBOL_EXTENSIONS = YES;
				CLANG_ANALYZER_NONNULL = YES;
				CLANG_ANALYZER_NUMBER_OBJECT_CONVERSION = YES_AGGRESSIVE;
				CLANG_CXX_LANGUAGE_STANDARD = "gnu++20";
				CLANG_ENABLE_MODULES = YES;
				CLANG_ENABLE_OBJC_ARC = YES;
				CLANG_ENABLE_OBJC_WEAK = YES;
				CLANG_WARN_BLOCK_CAPTURE_AUTORELEASING = YES;
				CLANG_WARN_BOOL_CONVERSION = YES;
				CLANG_WARN_COMMA = YES;
				CLANG_WARN_CONSTANT_CONVERSION = YES;
				CLANG_WARN_DEPRECATED_OBJC_IMPLEMENTATIONS = YES;
				CLANG_WARN_DIRECT_OBJC_ISA_USAGE = YES_ERROR;
				CLANG_WARN_DOCUMENTATION_COMMENTS = YES;
				CLANG_WARN_EMPTY_BODY = YES;
				CLANG_WARN_ENUM_CONVERSION = YES;
				CLANG_WARN_INFINITE_RECURSION = YES;
				CLANG_WARN_INT_CONVERSION = YES;
				CLANG_WARN_NON_LITERAL_NULL_CONVERSION = YES;
				CLANG_WARN_OBJC_IMPLICIT_RETAIN_SELF = YES;
				CLANG_WARN_OBJC_LITERAL_CONVERSION = YES;
				CLANG_WARN_OBJC_ROOT_CLASS = YES_ERROR;
				CLANG_WARN_QUOTED_INCLUDE_IN_FRAMEWORK_HEADER = YES;
				CLANG_WARN_RANGE_LOOP_ANALYSIS = YES;
				CLANG_WARN_STRICT_PROTOTYPES = YES;
				CLANG_WARN_SUSPICIOUS_MOVE = YES;
				CLANG_WARN_UNGUARDED_AVAILABILITY = YES_AGGRESSIVE;
				CLANG_WARN_UNREACHABLE_CODE = YES;
				CLANG_WARN__DUPLICATE_METHOD_MATCH = YES;
				COPY_PHASE_STRIP = NO;
				DEBUG_INFORMATION_FORMAT = dwarf;
				ENABLE_STRICT_OBJC_MSGSEND = YES;
				ENABLE_TESTABILITY = YES;
				ENABLE_USER_SCRIPT_SANDBOXING = YES;
				GCC_C_LANGUAGE_STANDARD = gnu17;
				GCC_DYNAMIC_NO_PIC = NO;
				GCC_NO_COMMON_BLOCKS = YES;
				GCC_OPTIMIZATION_LEVEL = 0;
				GCC_PREPROCESSOR_DEFINITIONS = (
					"DEBUG=1",
					"$(inherited)",
				);
				GCC_WARN_64_TO_32_BIT_CONVERSION = YES;
				GCC_WARN_ABOUT_RETURN_TYPE = YES_ERROR;
				GCC_WARN_UNDECLARED_SELECTOR = YES;
				GCC_WARN_UNINITIALIZED_AUTOS = YES_AGGRESSIVE;
				GCC_WARN_UNUSED_FUNCTION = YES;
				GCC_WARN_UNUSED_VARIABLE = YES;
				IPHONEOS_DEPLOYMENT_TARGET = 17.0;
				LOCALIZATION_PREFERS_STRING_CATALOGS = YES;
				MTL_ENABLE_DEBUG_INFO = INCLUDE_SOURCE;
				MTL_FAST_MATH = YES;
				ONLY_ACTIVE_ARCH = YES;
				SDKROOT = iphoneos;
				SWIFT_ACTIVE_COMPILATION_CONDITIONS = "DEBUG $(inherited)";
				SWIFT_OPTIMIZATION_LEVEL = "-Onone";
			};
			name = Debug;
		};
		0762A33F2B8BAE2D00ECEC96 /* Release */ = {
			isa = XCBuildConfiguration;
			buildSettings = {
				ALWAYS_SEARCH_USER_PATHS = NO;
				ASSETCATALOG_COMPILER_GENERATE_SWIFT_ASSET_SYMBOL_EXTENSIONS = YES;
				CLANG_ANALYZER_NONNULL = YES;
				CLANG_ANALYZER_NUMBER_OBJECT_CONVERSION = YES_AGGRESSIVE;
				CLANG_CXX_LANGUAGE_STANDARD = "gnu++20";
				CLANG_ENABLE_MODULES = YES;
				CLANG_ENABLE_OBJC_ARC = YES;
				CLANG_ENABLE_OBJC_WEAK = YES;
				CLANG_WARN_BLOCK_CAPTURE_AUTORELEASING = YES;
				CLANG_WARN_BOOL_CONVERSION = YES;
				CLANG_WARN_COMMA = YES;
				CLANG_WARN_CONSTANT_CONVERSION = YES;
				CLANG_WARN_DEPRECATED_OBJC_IMPLEMENTATIONS = YES;
				CLANG_WARN_DIRECT_OBJC_ISA_USAGE = YES_ERROR;
				CLANG_WARN_DOCUMENTATION_COMMENTS = YES;
				CLANG_WARN_EMPTY_BODY = YES;
				CLANG_WARN_ENUM_CONVERSION = YES;
				CLANG_WARN_INFINITE_RECURSION = YES;
				CLANG_WARN_INT_CONVERSION = YES;
				CLANG_WARN_NON_LITERAL_NULL_CONVERSION = YES;
				CLANG_WARN_OBJC_IMPLICIT_RETAIN_SELF = YES;
				CLANG_WARN_OBJC_LITERAL_CONVERSION = YES;
				CLANG_WARN_OBJC_ROOT_CLASS = YES_ERROR;
				CLANG_WARN_QUOTED_INCLUDE_IN_FRAMEWORK_HEADER = YES;
				CLANG_WARN_RANGE_LOOP_ANALYSIS = YES;
				CLANG_WARN_STRICT_PROTOTYPES = YES;
				CLANG_WARN_SUSPICIOUS_MOVE = YES;
				CLANG_WARN_UNGUARDED_AVAILABILITY = YES_AGGRESSIVE;
				CLANG_WARN_UNREACHABLE_CODE = YES;
				CLANG_WARN__DUPLICATE_METHOD_MATCH = YES;
				COPY_PHASE_STRIP = NO;
				DEBUG_INFORMATION_FORMAT = "dwarf-with-dsym";
				ENABLE_NS_ASSERTIONS = NO;
				ENABLE_STRICT_OBJC_MSGSEND = YES;
				ENABLE_USER_SCRIPT_SANDBOXING = YES;
				GCC_C_LANGUAGE_STANDARD = gnu17;
				GCC_NO_COMMON_BLOCKS = YES;
				GCC_WARN_64_TO_32_BIT_CONVERSION = YES;
				GCC_WARN_ABOUT_RETURN_TYPE = YES_ERROR;
				GCC_WARN_UNDECLARED_SELECTOR = YES;
				GCC_WARN_UNINITIALIZED_AUTOS = YES_AGGRESSIVE;
				GCC_WARN_UNUSED_FUNCTION = YES;
				GCC_WARN_UNUSED_VARIABLE = YES;
				IPHONEOS_DEPLOYMENT_TARGET = 17.0;
				LOCALIZATION_PREFERS_STRING_CATALOGS = YES;
				MTL_ENABLE_DEBUG_INFO = NO;
				MTL_FAST_MATH = YES;
				SDKROOT = iphoneos;
				SWIFT_COMPILATION_MODE = wholemodule;
				VALIDATE_PRODUCT = YES;
			};
			name = Release;
		};
		0762A3412B8BAE2D00ECEC96 /* Debug */ = {
			isa = XCBuildConfiguration;
			buildSettings = {
				ASSETCATALOG_COMPILER_APPICON_NAME = AppIcon;
				ASSETCATALOG_COMPILER_GLOBAL_ACCENT_COLOR_NAME = AccentColor;
				ASSETCATALOG_COMPILER_INCLUDE_ALL_APPICON_ASSETS = NO;
				"CODE_SIGN_IDENTITY[sdk=iphoneos*]" = "iPhone Developer";
				CODE_SIGN_STYLE = Manual;
				CURRENT_PROJECT_VERSION = 3;
				DEVELOPMENT_ASSET_PATHS = "\"CleanX/Preview Content\"";
				DEVELOPMENT_TEAM = "";
				"DEVELOPMENT_TEAM[sdk=iphoneos*]" = 9855W2Q725;
				ENABLE_PREVIEWS = YES;
				GENERATE_INFOPLIST_FILE = YES;
				INFOPLIST_FILE = CleanX/Info.plist;
				INFOPLIST_KEY_LSApplicationCategoryType = "public.app-category.utilities";
				INFOPLIST_KEY_NSContactsUsageDescription = "The application needs access to contacts so that we can find duplicate contacts.";
				INFOPLIST_KEY_NSPhotoLibraryUsageDescription = "The app needs access to your media files to find and remove duplicates.";
				INFOPLIST_KEY_UIApplicationSceneManifest_Generation = YES;
				INFOPLIST_KEY_UIApplicationSupportsIndirectInputEvents = YES;
				INFOPLIST_KEY_UISupportedInterfaceOrientations = UIInterfaceOrientationPortrait;
				INFOPLIST_KEY_UISupportedInterfaceOrientations_iPad = "UIInterfaceOrientationLandscapeLeft UIInterfaceOrientationLandscapeRight UIInterfaceOrientationPortrait UIInterfaceOrientationPortraitUpsideDown";
				IPHONEOS_DEPLOYMENT_TARGET = 17.0;
				LD_RUNPATH_SEARCH_PATHS = (
					"$(inherited)",
					"@executable_path/Frameworks",
				);
				MARKETING_VERSION = 1.0;
				PRODUCT_BUNDLE_IDENTIFIER = com.narshinov.CleanX;
				PRODUCT_NAME = "$(TARGET_NAME)";
				PROVISIONING_PROFILE_SPECIFIER = "";
				"PROVISIONING_PROFILE_SPECIFIER[sdk=iphoneos*]" = "CleanX Profile";
				SUPPORTED_PLATFORMS = "iphoneos iphonesimulator";
				SUPPORTS_MACCATALYST = NO;
				SUPPORTS_MAC_DESIGNED_FOR_IPHONE_IPAD = NO;
				SUPPORTS_XR_DESIGNED_FOR_IPHONE_IPAD = NO;
				SWIFT_EMIT_LOC_STRINGS = YES;
				SWIFT_VERSION = 5.0;
				TARGETED_DEVICE_FAMILY = "1,2";
			};
			name = Debug;
		};
		0762A3422B8BAE2D00ECEC96 /* Release */ = {
			isa = XCBuildConfiguration;
			buildSettings = {
				ASSETCATALOG_COMPILER_APPICON_NAME = AppIcon;
				ASSETCATALOG_COMPILER_GLOBAL_ACCENT_COLOR_NAME = AccentColor;
				ASSETCATALOG_COMPILER_INCLUDE_ALL_APPICON_ASSETS = NO;
				"CODE_SIGN_IDENTITY[sdk=iphoneos*]" = "iPhone Developer";
				CODE_SIGN_STYLE = Manual;
				CURRENT_PROJECT_VERSION = 3;
				DEVELOPMENT_ASSET_PATHS = "\"CleanX/Preview Content\"";
				DEVELOPMENT_TEAM = "";
				"DEVELOPMENT_TEAM[sdk=iphoneos*]" = 9855W2Q725;
				ENABLE_PREVIEWS = YES;
				GENERATE_INFOPLIST_FILE = YES;
				INFOPLIST_FILE = CleanX/Info.plist;
				INFOPLIST_KEY_LSApplicationCategoryType = "public.app-category.utilities";
				INFOPLIST_KEY_NSContactsUsageDescription = "The application needs access to contacts so that we can find duplicate contacts.";
				INFOPLIST_KEY_NSPhotoLibraryUsageDescription = "The app needs access to your media files to find and remove duplicates.";
				INFOPLIST_KEY_UIApplicationSceneManifest_Generation = YES;
				INFOPLIST_KEY_UIApplicationSupportsIndirectInputEvents = YES;
				INFOPLIST_KEY_UISupportedInterfaceOrientations = UIInterfaceOrientationPortrait;
				INFOPLIST_KEY_UISupportedInterfaceOrientations_iPad = "UIInterfaceOrientationLandscapeLeft UIInterfaceOrientationLandscapeRight UIInterfaceOrientationPortrait UIInterfaceOrientationPortraitUpsideDown";
				IPHONEOS_DEPLOYMENT_TARGET = 17.0;
				LD_RUNPATH_SEARCH_PATHS = (
					"$(inherited)",
					"@executable_path/Frameworks",
				);
				MARKETING_VERSION = 1.0;
				PRODUCT_BUNDLE_IDENTIFIER = com.narshinov.CleanX;
				PRODUCT_NAME = "$(TARGET_NAME)";
				PROVISIONING_PROFILE_SPECIFIER = "";
				"PROVISIONING_PROFILE_SPECIFIER[sdk=iphoneos*]" = "CleanX Profile";
				SUPPORTED_PLATFORMS = "iphoneos iphonesimulator";
				SUPPORTS_MACCATALYST = NO;
				SUPPORTS_MAC_DESIGNED_FOR_IPHONE_IPAD = NO;
				SUPPORTS_XR_DESIGNED_FOR_IPHONE_IPAD = NO;
				SWIFT_EMIT_LOC_STRINGS = YES;
				SWIFT_VERSION = 5.0;
				TARGETED_DEVICE_FAMILY = "1,2";
			};
			name = Release;
		};
/* End XCBuildConfiguration section */

/* Begin XCConfigurationList section */
		0762A32D2B8BAE2B00ECEC96 /* Build configuration list for PBXProject "CleanX" */ = {
			isa = XCConfigurationList;
			buildConfigurations = (
				0762A33E2B8BAE2D00ECEC96 /* Debug */,
				0762A33F2B8BAE2D00ECEC96 /* Release */,
			);
			defaultConfigurationIsVisible = 0;
			defaultConfigurationName = Release;
		};
		0762A3402B8BAE2D00ECEC96 /* Build configuration list for PBXNativeTarget "CleanX" */ = {
			isa = XCConfigurationList;
			buildConfigurations = (
				0762A3412B8BAE2D00ECEC96 /* Debug */,
				0762A3422B8BAE2D00ECEC96 /* Release */,
			);
			defaultConfigurationIsVisible = 0;
			defaultConfigurationName = Release;
		};
/* End XCConfigurationList section */

/* Begin XCRemoteSwiftPackageReference section */
		07510B982BCD395B00F2188D /* XCRemoteSwiftPackageReference "Amplitude-Swift" */ = {
			isa = XCRemoteSwiftPackageReference;
			repositoryURL = "https://github.com/amplitude/Amplitude-Swift";
			requirement = {
				branch = main;
				kind = branch;
			};
		};
		079689752B8E41F6002BA037 /* XCRemoteSwiftPackageReference "R.swift" */ = {
			isa = XCRemoteSwiftPackageReference;
			repositoryURL = "https://github.com/mac-cain13/R.swift.git";
			requirement = {
				kind = upToNextMajorVersion;
				minimumVersion = 7.5.0;
			};
		};
		07A83E862B8E645100E8ACAF /* XCRemoteSwiftPackageReference "SafeSFSymbols" */ = {
			isa = XCRemoteSwiftPackageReference;
			repositoryURL = "https://github.com/sparrowcode/SafeSFSymbols.git";
			requirement = {
				kind = upToNextMajorVersion;
				minimumVersion = 2.0.1;
			};
		};
		07D77F4B2BBEBE5300DBFA3E /* XCRemoteSwiftPackageReference "PopupView" */ = {
			isa = XCRemoteSwiftPackageReference;
			repositoryURL = "https://github.com/exyte/PopupView.git";
			requirement = {
				kind = upToNextMajorVersion;
				minimumVersion = 2.9.1;
			};
		};
/* End XCRemoteSwiftPackageReference section */

/* Begin XCSwiftPackageProductDependency section */
		07510B992BCD395B00F2188D /* AmplitudeSwift */ = {
			isa = XCSwiftPackageProductDependency;
			package = 07510B982BCD395B00F2188D /* XCRemoteSwiftPackageReference "Amplitude-Swift" */;
			productName = AmplitudeSwift;
		};
		079689762B8E41F6002BA037 /* RswiftLibrary */ = {
			isa = XCSwiftPackageProductDependency;
			package = 079689752B8E41F6002BA037 /* XCRemoteSwiftPackageReference "R.swift" */;
			productName = RswiftLibrary;
		};
		079689782B8E4200002BA037 /* RswiftGenerateInternalResources */ = {
			isa = XCSwiftPackageProductDependency;
			package = 079689752B8E41F6002BA037 /* XCRemoteSwiftPackageReference "R.swift" */;
			productName = "plugin:RswiftGenerateInternalResources";
		};
		07A83E872B8E645100E8ACAF /* SafeSFSymbols */ = {
			isa = XCSwiftPackageProductDependency;
			package = 07A83E862B8E645100E8ACAF /* XCRemoteSwiftPackageReference "SafeSFSymbols" */;
			productName = SafeSFSymbols;
		};
		07D77F4C2BBEBE5300DBFA3E /* PopupView */ = {
			isa = XCSwiftPackageProductDependency;
			package = 07D77F4B2BBEBE5300DBFA3E /* XCRemoteSwiftPackageReference "PopupView" */;
			productName = PopupView;
		};
/* End XCSwiftPackageProductDependency section */
	};
	rootObject = 0762A32A2B8BAE2B00ECEC96 /* Project object */;
}
